{
  "name": "test-list-state",
  "version": "0.1.0",
  "lockfileVersion": 1,
  "requires": true,
  "dependencies": {
    "@types/redux-devtools-dock-monitor": {
      "version": "1.1.31",
      "resolved": "https://registry.npmjs.org/@types/redux-devtools-dock-monitor/-/redux-devtools-dock-monitor-1.1.31.tgz",
      "integrity": "sha512-tPYpV4TqtS0Re1JxgLqNQqPctS17xwB0niGB4COzK/g3T144hXWPpRb00wtTGnpqRh2Sk8F7njFZtsVKu7txng==",
      "dev": true,
      "requires": {
        "@types/react": "16.0.7"
      },
      "dependencies": {
        "@types/react": {
          "version": "16.0.7",
          "resolved": "https://registry.npmjs.org/@types/react/-/react-16.0.7.tgz",
          "integrity": "sha512-Vr5XUgjHNraqpS3pl9JiL95kFWomoMW5A0zWz/NNMPRM3ifv82EXjjGPE4gs2hrNE1X8oz31eR4G8PUav413fQ==",
          "dev": true
        }
      }
    }
  }
}
